
Microsoft Visual Studio Solution File, Format Version 12.00
# Visual Studio 2013
VisualStudioVersion = 12.0.31101.0
MinimumVisualStudioVersion = 10.0.40219.1
Project("{FAE04EC0-301F-11D3-BF4B-00C04F79EFBC}") = "Smartsheet-csharp-sdk", "Smartsheet-csharp-sdk.csproj", "{D697980C-2DE8-4C5A-BD95-FC3CCDDC7ECD}"
EndProject
Project("{FAE04EC0-301F-11D3-BF4B-00C04F79EFBC}") = "sdk-csharp-sample", "Sample\sdk-csharp-sample.csproj", "{D3283033-0BC5-458D-9101-2EEB2C177CCA}"
EndProject
Project("{FAE04EC0-301F-11D3-BF4B-00C04F79EFBC}") = "TestSDK", "TestSDK\TestSDK.csproj", "{4A9725A9-23D5-4D9B-A627-30F912330456}"
EndProject
Project("{7CF6DF6D-3B04-46F8-A40B-537D21BCA0B4}") = "smartsheet-csharp-sdk-docs", "documentation\smartsheet-csharp-sdk-docs.shfbproj", "{3F8D8D90-F2B2-496B-86EF-5A49322D5837}"
EndProject
Project("{2150E333-8FDC-42A3-9474-1A3956D46DE8}") = ".nuget", ".nuget", "{E2B77A15-A7BC-440A-95A1-ED51625E835F}"
	ProjectSection(SolutionItems) = preProject
		.nuget\packages.config = .nuget\packages.config
	EndProjectSection
EndProject
Project("{FAE04EC0-301F-11D3-BF4B-00C04F79EFBC}") = "IntegrationTestSDK", "..\IntegrationTestSDK\IntegrationTestSDK.csproj", "{A67F9A93-7640-43F9-85F8-91C7CE082104}"
EndProject
Global
	GlobalSection(SolutionConfigurationPlatforms) = preSolution
		Debug|Any CPU = Debug|Any CPU
		Release|Any CPU = Release|Any CPU
	EndGlobalSection
	GlobalSection(ProjectConfigurationPlatforms) = postSolution
		{D697980C-2DE8-4C5A-BD95-FC3CCDDC7ECD}.Debug|Any CPU.ActiveCfg = Debug|Any CPU
		{D697980C-2DE8-4C5A-BD95-FC3CCDDC7ECD}.Debug|Any CPU.Build.0 = Debug|Any CPU
		{D697980C-2DE8-4C5A-BD95-FC3CCDDC7ECD}.Release|Any CPU.ActiveCfg = Release|Any CPU
		{D697980C-2DE8-4C5A-BD95-FC3CCDDC7ECD}.Release|Any CPU.Build.0 = Release|Any CPU
		{D3283033-0BC5-458D-9101-2EEB2C177CCA}.Debug|Any CPU.ActiveCfg = Debug|Any CPU
		{D3283033-0BC5-458D-9101-2EEB2C177CCA}.Debug|Any CPU.Build.0 = Debug|Any CPU
		{D3283033-0BC5-458D-9101-2EEB2C177CCA}.Release|Any CPU.ActiveCfg = Release|Any CPU
		{D3283033-0BC5-458D-9101-2EEB2C177CCA}.Release|Any CPU.Build.0 = Release|Any CPU
		{4A9725A9-23D5-4D9B-A627-30F912330456}.Debug|Any CPU.ActiveCfg = Debug|Any CPU
		{4A9725A9-23D5-4D9B-A627-30F912330456}.Debug|Any CPU.Build.0 = Debug|Any CPU
		{4A9725A9-23D5-4D9B-A627-30F912330456}.Release|Any CPU.ActiveCfg = Release|Any CPU
		{4A9725A9-23D5-4D9B-A627-30F912330456}.Release|Any CPU.Build.0 = Release|Any CPU
		{3F8D8D90-F2B2-496B-86EF-5A49322D5837}.Debug|Any CPU.ActiveCfg = Debug|Any CPU
		{3F8D8D90-F2B2-496B-86EF-5A49322D5837}.Release|Any CPU.ActiveCfg = Release|Any CPU
		{3F8D8D90-F2B2-496B-86EF-5A49322D5837}.Release|Any CPU.Build.0 = Release|Any CPU
		{A67F9A93-7640-43F9-85F8-91C7CE082104}.Debug|Any CPU.ActiveCfg = Debug|Any CPU
		{A67F9A93-7640-43F9-85F8-91C7CE082104}.Debug|Any CPU.Build.0 = Debug|Any CPU
		{A67F9A93-7640-43F9-85F8-91C7CE082104}.Release|Any CPU.ActiveCfg = Release|Any CPU
		{A67F9A93-7640-43F9-85F8-91C7CE082104}.Release|Any CPU.Build.0 = Release|Any CPU
	EndGlobalSection
	GlobalSection(SolutionProperties) = preSolution
		HideSolutionNode = FALSE
	EndGlobalSection
EndGlobal
